
Microsoft Visual Studio Solution File, Format Version 12.00
# Visual Studio Version 17
VisualStudioVersion = 17.4.33122.133
MinimumVisualStudioVersion = 10.0.40219.1
Project("{FAE04EC0-301F-11D3-BF4B-00C04F79EFBC}") = "Feed", "Feed\Feed.csproj", "{766ED5CC-93E8-4ADF-94AF-A563FBB79B76}"
EndProject
Global
	GlobalSection(SolutionConfigurationPlatforms) = preSolution
		Debug|Any CPU = Debug|Any CPU
		Release|Any CPU = Release|Any CPU
	EndGlobalSection
	GlobalSection(ProjectConfigurationPlatforms) = postSolution
		{766ED5CC-93E8-4ADF-94AF-A563FBB79B76}.Debug|Any CPU.ActiveCfg = Debug|Any CPU
		{766ED5CC-93E8-4ADF-94AF-A563FBB79B76}.Debug|Any CPU.Build.0 = Debug|Any CPU
		{766ED5CC-93E8-4ADF-94AF-A563FBB79B76}.Release|Any CPU.ActiveCfg = Release|Any CPU
		{766ED5CC-93E8-4ADF-94AF-A563FBB79B76}.Release|Any CPU.Build.0 = Release|Any CPU
	EndGlobalSection
	GlobalSection(SolutionProperties) = preSolution
		HideSolutionNode = FALSE
	EndGlobalSection
	GlobalSection(ExtensibilityGlobals) = postSolution
		SolutionGuid = {AF354E32-E949-4DAF-BB78-43332F27CF3C}
	EndGlobalSection
EndGlobal
